
Microsoft Visual Studio Solution File, Format Version 12.00
# Visual Studio Version 17
VisualStudioVersion = 17.10.35013.160
MinimumVisualStudioVersion = 10.0.40219.1
Project("{FAE04EC0-301F-11D3-BF4B-00C04F79EFBC}") = "AcademySystem", "AcademySystem\AcademySystem.csproj", "{78FE73D8-7BD4-44E3-8FF8-308F95F6A76F}"
EndProject
Global
	GlobalSection(SolutionConfigurationPlatforms) = preSolution
		Debug|Any CPU = Debug|Any CPU
		Release|Any CPU = Release|Any CPU
	EndGlobalSection
	GlobalSection(ProjectConfigurationPlatforms) = postSolution
		{78FE73D8-7BD4-44E3-8FF8-308F95F6A76F}.Debug|Any CPU.ActiveCfg = Debug|Any CPU
		{78FE73D8-7BD4-44E3-8FF8-308F95F6A76F}.Debug|Any CPU.Build.0 = Debug|Any CPU
		{78FE73D8-7BD4-44E3-8FF8-308F95F6A76F}.Release|Any CPU.ActiveCfg = Release|Any CPU
		{78FE73D8-7BD4-44E3-8FF8-308F95F6A76F}.Release|Any CPU.Build.0 = Release|Any CPU
	EndGlobalSection
	GlobalSection(SolutionProperties) = preSolution
		HideSolutionNode = FALSE
	EndGlobalSection
	GlobalSection(ExtensibilityGlobals) = postSolution
		SolutionGuid = {404FAEEC-0D53-49AD-8C13-1537B15D8294}
	EndGlobalSection
EndGlobal
